
Microsoft Visual Studio Solution File, Format Version 12.00
# Visual Studio 15
VisualStudioVersion = 15.0.28010.2003
MinimumVisualStudioVersion = 10.0.40219.1
Project("{FAE04EC0-301F-11D3-BF4B-00C04F79EFBC}") = "EmployeeRestAPI", "EmployeeRestAPI\EmployeeRestAPI.csproj", "{33A6F677-923C-48AA-BB6B-84C964EF3EA0}"
EndProject
Project("{FAE04EC0-301F-11D3-BF4B-00C04F79EFBC}") = "EmployeeData", "EmployeeData\EmployeeData.csproj", "{30F9111E-FD50-44A6-8EF9-B21452F85E68}"
EndProject
Global
	GlobalSection(SolutionConfigurationPlatforms) = preSolution
		Debug|Any CPU = Debug|Any CPU
		Release|Any CPU = Release|Any CPU
	EndGlobalSection
	GlobalSection(ProjectConfigurationPlatforms) = postSolution
		{33A6F677-923C-48AA-BB6B-84C964EF3EA0}.Debug|Any CPU.ActiveCfg = Debug|Any CPU
		{33A6F677-923C-48AA-BB6B-84C964EF3EA0}.Debug|Any CPU.Build.0 = Debug|Any CPU
		{33A6F677-923C-48AA-BB6B-84C964EF3EA0}.Release|Any CPU.ActiveCfg = Release|Any CPU
		{33A6F677-923C-48AA-BB6B-84C964EF3EA0}.Release|Any CPU.Build.0 = Release|Any CPU
		{30F9111E-FD50-44A6-8EF9-B21452F85E68}.Debug|Any CPU.ActiveCfg = Debug|Any CPU
		{30F9111E-FD50-44A6-8EF9-B21452F85E68}.Debug|Any CPU.Build.0 = Debug|Any CPU
		{30F9111E-FD50-44A6-8EF9-B21452F85E68}.Release|Any CPU.ActiveCfg = Release|Any CPU
		{30F9111E-FD50-44A6-8EF9-B21452F85E68}.Release|Any CPU.Build.0 = Release|Any CPU
	EndGlobalSection
	GlobalSection(SolutionProperties) = preSolution
		HideSolutionNode = FALSE
	EndGlobalSection
	GlobalSection(ExtensibilityGlobals) = postSolution
		SolutionGuid = {94C06490-D548-4181-A705-46701F88ACA9}
	EndGlobalSection
EndGlobal
